
Microsoft Visual Studio Solution File, Format Version 12.00
# Visual Studio Version 17
VisualStudioVersion = 17.0.32112.339
MinimumVisualStudioVersion = 10.0.40219.1
Project("{FAE04EC0-301F-11D3-BF4B-00C04F79EFBC}") = "AhmadEmami_hw005_maktab71", "AhmadEmami_hw005_maktab71\AhmadEmami_hw005_maktab71.csproj", "{F38515B1-12C6-4DDE-87DD-C8F37781270C}"
EndProject
Global
	GlobalSection(SolutionConfigurationPlatforms) = preSolution
		Debug|Any CPU = Debug|Any CPU
		Release|Any CPU = Release|Any CPU
	EndGlobalSection
	GlobalSection(ProjectConfigurationPlatforms) = postSolution
		{F38515B1-12C6-4DDE-87DD-C8F37781270C}.Debug|Any CPU.ActiveCfg = Debug|Any CPU
		{F38515B1-12C6-4DDE-87DD-C8F37781270C}.Debug|Any CPU.Build.0 = Debug|Any CPU
		{F38515B1-12C6-4DDE-87DD-C8F37781270C}.Release|Any CPU.ActiveCfg = Release|Any CPU
		{F38515B1-12C6-4DDE-87DD-C8F37781270C}.Release|Any CPU.Build.0 = Release|Any CPU
	EndGlobalSection
	GlobalSection(SolutionProperties) = preSolution
		HideSolutionNode = FALSE
	EndGlobalSection
	GlobalSection(ExtensibilityGlobals) = postSolution
		SolutionGuid = {EC0E8B62-3EE5-4309-87DC-01D5DB3D30A2}
	EndGlobalSection
EndGlobal
