
Microsoft Visual Studio Solution File, Format Version 12.00
# Visual Studio Version 17
VisualStudioVersion = 17.1.32203.90
MinimumVisualStudioVersion = 10.0.40219.1
Project("{9A19103F-16F7-4668-BE54-9A1E7A4F7556}") = "HomeWork01-Q01", "HomeWork01\HomeWork01-Q01.csproj", "{996DD2F0-B894-4F51-B844-97F241D32621}"
EndProject
Global
	GlobalSection(SolutionConfigurationPlatforms) = preSolution
		Debug|Any CPU = Debug|Any CPU
		Release|Any CPU = Release|Any CPU
	EndGlobalSection
	GlobalSection(ProjectConfigurationPlatforms) = postSolution
		{996DD2F0-B894-4F51-B844-97F241D32621}.Debug|Any CPU.ActiveCfg = Debug|Any CPU
		{996DD2F0-B894-4F51-B844-97F241D32621}.Debug|Any CPU.Build.0 = Debug|Any CPU
		{996DD2F0-B894-4F51-B844-97F241D32621}.Release|Any CPU.ActiveCfg = Release|Any CPU
		{996DD2F0-B894-4F51-B844-97F241D32621}.Release|Any CPU.Build.0 = Release|Any CPU
	EndGlobalSection
	GlobalSection(SolutionProperties) = preSolution
		HideSolutionNode = FALSE
	EndGlobalSection
	GlobalSection(ExtensibilityGlobals) = postSolution
		SolutionGuid = {24D3A0D9-E8FE-4309-BEF2-16CC7AD15A70}
	EndGlobalSection
EndGlobal
